
Microsoft Visual Studio Solution File, Format Version 12.00
# Visual Studio 2013
VisualStudioVersion = 12.0.40629.0
MinimumVisualStudioVersion = 10.0.40219.1
Project("{FAE04EC0-301F-11D3-BF4B-00C04F79EFBC}") = "Timespans.Tests", "Timespans.Tests\Timespans.Tests.csproj", "{9DA93039-B2C2-4DAF-8E83-3C9D9B43B8B0}"
EndProject
Project("{FAE04EC0-301F-11D3-BF4B-00C04F79EFBC}") = "TimespanLib", "TimespanLib\TimespanLib.csproj", "{145AB51D-A1F5-4A62-98C4-0FD441D0C05B}"
EndProject
Project("{FAE04EC0-301F-11D3-BF4B-00C04F79EFBC}") = "timespans", "timespans\timespans.csproj", "{4428431A-D574-469C-9953-99E96ECBA80F}"
EndProject
Global
	GlobalSection(SolutionConfigurationPlatforms) = preSolution
		Debug|Any CPU = Debug|Any CPU
		Release|Any CPU = Release|Any CPU
	EndGlobalSection
	GlobalSection(ProjectConfigurationPlatforms) = postSolution
		{9DA93039-B2C2-4DAF-8E83-3C9D9B43B8B0}.Debug|Any CPU.ActiveCfg = Debug|Any CPU
		{9DA93039-B2C2-4DAF-8E83-3C9D9B43B8B0}.Debug|Any CPU.Build.0 = Debug|Any CPU
		{9DA93039-B2C2-4DAF-8E83-3C9D9B43B8B0}.Release|Any CPU.ActiveCfg = Release|Any CPU
		{9DA93039-B2C2-4DAF-8E83-3C9D9B43B8B0}.Release|Any CPU.Build.0 = Release|Any CPU
		{145AB51D-A1F5-4A62-98C4-0FD441D0C05B}.Debug|Any CPU.ActiveCfg = Debug|Any CPU
		{145AB51D-A1F5-4A62-98C4-0FD441D0C05B}.Debug|Any CPU.Build.0 = Debug|Any CPU
		{145AB51D-A1F5-4A62-98C4-0FD441D0C05B}.Release|Any CPU.ActiveCfg = Release|Any CPU
		{145AB51D-A1F5-4A62-98C4-0FD441D0C05B}.Release|Any CPU.Build.0 = Release|Any CPU
		{4428431A-D574-469C-9953-99E96ECBA80F}.Debug|Any CPU.ActiveCfg = Debug|Any CPU
		{4428431A-D574-469C-9953-99E96ECBA80F}.Debug|Any CPU.Build.0 = Debug|Any CPU
		{4428431A-D574-469C-9953-99E96ECBA80F}.Release|Any CPU.ActiveCfg = Release|Any CPU
		{4428431A-D574-469C-9953-99E96ECBA80F}.Release|Any CPU.Build.0 = Release|Any CPU
	EndGlobalSection
	GlobalSection(SolutionProperties) = preSolution
		HideSolutionNode = FALSE
	EndGlobalSection
EndGlobal
